// !$*UTF8*$!
{
	archiveVersion = 1;
	classes = {
	};
	objectVersion = 50;
	objects = {

/* Begin PBXBuildFile section */
		BA6287F427B86125002DFE29 /* AppDelegate.swift in Sources */ = {isa = PBXBuildFile; fileRef = BA6287F327B86125002DFE29 /* AppDelegate.swift */; };
		BA6287F627B86125002DFE29 /* SceneDelegate.swift in Sources */ = {isa = PBXBuildFile; fileRef = BA6287F527B86125002DFE29 /* SceneDelegate.swift */; };
		BA6287F827B86125002DFE29 /* ViewController.swift in Sources */ = {isa = PBXBuildFile; fileRef = BA6287F727B86125002DFE29 /* ViewController.swift */; };
		BA6287FB27B86125002DFE29 /* Main.storyboard in Resources */ = {isa = PBXBuildFile; fileRef = BA6287F927B86125002DFE29 /* Main.storyboard */; };
		BA6287FE27B86125002DFE29 /* testableSingletons.xcdatamodeld in Sources */ = {isa = PBXBuildFile; fileRef = BA6287FC27B86125002DFE29 /* testableSingletons.xcdatamodeld */; };
		BA62880027B86128002DFE29 /* Assets.xcassets in Resources */ = {isa = PBXBuildFile; fileRef = BA6287FF27B86128002DFE29 /* Assets.xcassets */; };
		BA62880327B86128002DFE29 /* LaunchScreen.storyboard in Resources */ = {isa = PBXBuildFile; fileRef = BA62880127B86128002DFE29 /* LaunchScreen.storyboard */; };
		BA62880E27B86129002DFE29 /* testableSingletonsTests.swift in Sources */ = {isa = PBXBuildFile; fileRef = BA62880D27B86129002DFE29 /* testableSingletonsTests.swift */; };
		BA62881927B86129002DFE29 /* testableSingletonsUITests.swift in Sources */ = {isa = PBXBuildFile; fileRef = BA62881827B86129002DFE29 /* testableSingletonsUITests.swift */; };
/* End PBXBuildFile section */

/* Begin PBXContainerItemProxy section */
		BA62880A27B86129002DFE29 /* PBXContainerItemProxy */ = {
			isa = PBXContainerItemProxy;
			containerPortal = BA6287E827B86125002DFE29 /* Project object */;
			proxyType = 1;
			remoteGlobalIDString = BA6287EF27B86125002DFE29;
			remoteInfo = testableSingletons;
		};
		BA62881527B86129002DFE29 /* PBXContainerItemProxy */ = {
			isa = PBXContainerItemProxy;
			containerPortal = BA6287E827B86125002DFE29 /* Project object */;
			proxyType = 1;
			remoteGlobalIDString = BA6287EF27B86125002DFE29;
			remoteInfo = testableSingletons;
		};
/* End PBXContainerItemProxy section */

/* Begin PBXFileReference section */
		BA6287F027B86125002DFE29 /* testableSingletons.app */ = {isa = PBXFileReference; explicitFileType = wrapper.application; includeInIndex = 0; path = testableSingletons.app; sourceTree = BUILT_PRODUCTS_DIR; };
		BA6287F327B86125002DFE29 /* AppDelegate.swift */ = {isa = PBXFileReference; lastKnownFileType = sourcecode.swift; path = AppDelegate.swift; sourceTree = "<group>"; };
		BA6287F527B86125002DFE29 /* SceneDelegate.swift */ = {isa = PBXFileReference; lastKnownFileType = sourcecode.swift; path = SceneDelegate.swift; sourceTree = "<group>"; };
		BA6287F727B86125002DFE29 /* ViewController.swift */ = {isa = PBXFileReference; lastKnownFileType = sourcecode.swift; path = ViewController.swift; sourceTree = "<group>"; };
		BA6287FA27B86125002DFE29 /* Base */ = {isa = PBXFileReference; lastKnownFileType = file.storyboard; name = Base; path = Base.lproj/Main.storyboard; sourceTree = "<group>"; };
		BA6287FD27B86125002DFE29 /* testableSingletons.xcdatamodel */ = {isa = PBXFileReference; lastKnownFileType = wrapper.xcdatamodel; path = testableSingletons.xcdatamodel; sourceTree = "<group>"; };
		BA6287FF27B86128002DFE29 /* Assets.xcassets */ = {isa = PBXFileReference; lastKnownFileType = folder.assetcatalog; path = Assets.xcassets; sourceTree = "<group>"; };
		BA62880227B86128002DFE29 /* Base */ = {isa = PBXFileReference; lastKnownFileType = file.storyboard; name = Base; path = Base.lproj/LaunchScreen.storyboard; sourceTree = "<group>"; };
		BA62880427B86128002DFE29 /* Info.plist */ = {isa = PBXFileReference; lastKnownFileType = text.plist.xml; path = Info.plist; sourceTree = "<group>"; };
		BA62880927B86129002DFE29 /* testableSingletonsTests.xctest */ = {isa = PBXFileReference; explicitFileType = wrapper.cfbundle; includeInIndex = 0; path = testableSingletonsTests.xctest; sourceTree = BUILT_PRODUCTS_DIR; };
		BA62880D27B86129002DFE29 /* testableSingletonsTests.swift */ = {isa = PBXFileReference; lastKnownFileType = sourcecode.swift; path = testableSingletonsTests.swift; sourceTree = "<group>"; };
		BA62880F27B86129002DFE29 /* Info.plist */ = {isa = PBXFileReference; lastKnownFileType = text.plist.xml; path = Info.plist; sourceTree = "<group>"; };
		BA62881427B86129002DFE29 /* testableSingletonsUITests.xctest */ = {isa = PBXFileReference; explicitFileType = wrapper.cfbundle; includeInIndex = 0; path = testableSingletonsUITests.xctest; sourceTree = BUILT_PRODUCTS_DIR; };
		BA62881827B86129002DFE29 /* testableSingletonsUITests.swift */ = {isa = PBXFileReference; lastKnownFileType = sourcecode.swift; path = testableSingletonsUITests.swift; sourceTree = "<group>"; };
		BA62881A27B86129002DFE29 /* Info.plist */ = {isa = PBXFileReference; lastKnownFileType = text.plist.xml; path = Info.plist; sourceTree = "<group>"; };
/* End PBXFileReference section */

/* Begin PBXFrameworksBuildPhase section */
		BA6287ED27B86125002DFE29 /* Frameworks */ = {
			isa = PBXFrameworksBuildPhase;
			buildActionMask = 2147483647;
			files = (
			);
			runOnlyForDeploymentPostprocessing = 0;
		};
		BA62880627B86129002DFE29 /* Frameworks */ = {
			isa = PBXFrameworksBuildPhase;
			buildActionMask = 2147483647;
			files = (
			);
			runOnlyForDeploymentPostprocessing = 0;
		};
		BA62881127B86129002DFE29 /* Frameworks */ = {
			isa = PBXFrameworksBuildPhase;
			buildActionMask = 2147483647;
			files = (
			);
			runOnlyForDeploymentPostprocessing = 0;
		};
/* End PBXFrameworksBuildPhase section */

/* Begin PBXGroup section */
		BA6287E727B86125002DFE29 = {
			isa = PBXGroup;
			children = (
				BA6287F227B86125002DFE29 /* testableSingletons */,
				BA62880C27B86129002DFE29 /* testableSingletonsTests */,
				BA62881727B86129002DFE29 /* testableSingletonsUITests */,
				BA6287F127B86125002DFE29 /* Products */,
			);
			sourceTree = "<group>";
		};
		BA6287F127B86125002DFE29 /* Products */ = {
			isa = PBXGroup;
			children = (
				BA6287F027B86125002DFE29 /* testableSingletons.app */,
				BA62880927B86129002DFE29 /* testableSingletonsTests.xctest */,
				BA62881427B86129002DFE29 /* testableSingletonsUITests.xctest */,
			);
			name = Products;
			sourceTree = "<group>";
		};
		BA6287F227B86125002DFE29 /* testableSingletons */ = {
			isa = PBXGroup;
			children = (
				BA6287F327B86125002DFE29 /* AppDelegate.swift */,
				BA6287F527B86125002DFE29 /* SceneDelegate.swift */,
				BA6287F727B86125002DFE29 /* ViewController.swift */,
				BA6287F927B86125002DFE29 /* Main.storyboard */,
				BA6287FF27B86128002DFE29 /* Assets.xcassets */,
				BA62880127B86128002DFE29 /* LaunchScreen.storyboard */,
				BA62880427B86128002DFE29 /* Info.plist */,
				BA6287FC27B86125002DFE29 /* testableSingletons.xcdatamodeld */,
			);
			path = testableSingletons;
			sourceTree = "<group>";
		};
		BA62880C27B86129002DFE29 /* testableSingletonsTests */ = {
			isa = PBXGroup;
			children = (
				BA62880D27B86129002DFE29 /* testableSingletonsTests.swift */,
				BA62880F27B86129002DFE29 /* Info.plist */,
			);
			path = testableSingletonsTests;
			sourceTree = "<group>";
		};
		BA62881727B86129002DFE29 /* testableSingletonsUITests */ = {
			isa = PBXGroup;
			children = (
				BA62881827B86129002DFE29 /* testableSingletonsUITests.swift */,
				BA62881A27B86129002DFE29 /* Info.plist */,
			);
			path = testableSingletonsUITests;
			sourceTree = "<group>";
		};
/* End PBXGroup section */

/* Begin PBXNativeTarget section */
		BA6287EF27B86125002DFE29 /* testableSingletons */ = {
			isa = PBXNativeTarget;
			buildConfigurationList = BA62881D27B86129002DFE29 /* Build configuration list for PBXNativeTarget "testableSingletons" */;
			buildPhases = (
				BA6287EC27B86125002DFE29 /* Sources */,
				BA6287ED27B86125002DFE29 /* Frameworks */,
				BA6287EE27B86125002DFE29 /* Resources */,
			);
			buildRules = (
			);
			dependencies = (
			);
			name = testableSingletons;
			productName = testableSingletons;
			productReference = BA6287F027B86125002DFE29 /* testableSingletons.app */;
			productType = "com.apple.product-type.application";
		};
		BA62880827B86129002DFE29 /* testableSingletonsTests */ = {
			isa = PBXNativeTarget;
			buildConfigurationList = BA62882027B86129002DFE29 /* Build configuration list for PBXNativeTarget "testableSingletonsTests" */;
			buildPhases = (
				BA62880527B86129002DFE29 /* Sources */,
				BA62880627B86129002DFE29 /* Frameworks */,
				BA62880727B86129002DFE29 /* Resources */,
			);
			buildRules = (
			);
			dependencies = (
				BA62880B27B86129002DFE29 /* PBXTargetDependency */,
			);
			name = testableSingletonsTests;
			productName = testableSingletonsTests;
			productReference = BA62880927B86129002DFE29 /* testableSingletonsTests.xctest */;
			productType = "com.apple.product-type.bundle.unit-test";
		};
		BA62881327B86129002DFE29 /* testableSingletonsUITests */ = {
			isa = PBXNativeTarget;
			buildConfigurationList = BA62882327B86129002DFE29 /* Build configuration list for PBXNativeTarget "testableSingletonsUITests" */;
			buildPhases = (
				BA62881027B86129002DFE29 /* Sources */,
				BA62881127B86129002DFE29 /* Frameworks */,
				BA62881227B86129002DFE29 /* Resources */,
			);
			buildRules = (
			);
			dependencies = (
				BA62881627B86129002DFE29 /* PBXTargetDependency */,
			);
			name = testableSingletonsUITests;
			productName = testableSingletonsUITests;
			productReference = BA62881427B86129002DFE29 /* testableSingletonsUITests.xctest */;
			productType = "com.apple.product-type.bundle.ui-testing";
		};
/* End PBXNativeTarget section */

/* Begin PBXProject section */
		BA6287E827B86125002DFE29 /* Project object */ = {
			isa = PBXProject;
			attributes = {
				LastSwiftUpdateCheck = 1240;
				LastUpgradeCheck = 1240;
				TargetAttributes = {
					BA6287EF27B86125002DFE29 = {
						CreatedOnToolsVersion = 12.4;
					};
					BA62880827B86129002DFE29 = {
						CreatedOnToolsVersion = 12.4;
						TestTargetID = BA6287EF27B86125002DFE29;
					};
					BA62881327B86129002DFE29 = {
						CreatedOnToolsVersion = 12.4;
						TestTargetID = BA6287EF27B86125002DFE29;
					};
				};
			};
			buildConfigurationList = BA6287EB27B86125002DFE29 /* Build configuration list for PBXProject "testableSingletons" */;
			compatibilityVersion = "Xcode 9.3";
			developmentRegion = en;
			hasScannedForEncodings = 0;
			knownRegions = (
				en,
				Base,
			);
			mainGroup = BA6287E727B86125002DFE29;
			productRefGroup = BA6287F127B86125002DFE29 /* Products */;
			projectDirPath = "";
			projectRoot = "";
			targets = (
				BA6287EF27B86125002DFE29 /* testableSingletons */,
				BA62880827B86129002DFE29 /* testableSingletonsTests */,
				BA62881327B86129002DFE29 /* testableSingletonsUITests */,
			);
		};
/* End PBXProject section */

/* Begin PBXResourcesBuildPhase section */
		BA6287EE27B86125002DFE29 /* Resources */ = {
			isa = PBXResourcesBuildPhase;
			buildActionMask = 2147483647;
			files = (
				BA62880327B86128002DFE29 /* LaunchScreen.storyboard in Resources */,
				BA62880027B86128002DFE29 /* Assets.xcassets in Resources */,
				BA6287FB27B86125002DFE29 /* Main.storyboard in Resources */,
			);
			runOnlyForDeploymentPostprocessing = 0;
		};
		BA62880727B86129002DFE29 /* Resources */ = {
			isa = PBXResourcesBuildPhase;
			buildActionMask = 2147483647;
			files = (
			);
			runOnlyForDeploymentPostprocessing = 0;
		};
		BA62881227B86129002DFE29 /* Resources */ = {
			isa = PBXResourcesBuildPhase;
			buildActionMask = 2147483647;
			files = (
			);
			runOnlyForDeploymentPostprocessing = 0;
		};
/* End PBXResourcesBuildPhase section */

/* Begin PBXSourcesBuildPhase section */
		BA6287EC27B86125002DFE29 /* Sources */ = {
			isa = PBXSourcesBuildPhase;
			buildActionMask = 2147483647;
			files = (
				BA6287F827B86125002DFE29 /* ViewController.swift in Sources */,
				BA6287FE27B86125002DFE29 /* testableSingletons.xcdatamodeld in Sources */,
				BA6287F427B86125002DFE29 /* AppDelegate.swift in Sources */,
				BA6287F627B86125002DFE29 /* SceneDelegate.swift in Sources */,
			);
			runOnlyForDeploymentPostprocessing = 0;
		};
		BA62880527B86129002DFE29 /* Sources */ = {
			isa = PBXSourcesBuildPhase;
			buildActionMask = 2147483647;
			files = (
				BA62880E27B86129002DFE29 /* testableSingletonsTests.swift in Sources */,
			);
			runOnlyForDeploymentPostprocessing = 0;
		};
		BA62881027B86129002DFE29 /* Sources */ = {
			isa = PBXSourcesBuildPhase;
			buildActionMask = 2147483647;
			files = (
				BA62881927B86129002DFE29 /* testableSingletonsUITests.swift in Sources */,
			);
			runOnlyForDeploymentPostprocessing = 0;
		};
/* End PBXSourcesBuildPhase section */

/* Begin PBXTargetDependency section */
		BA62880B27B86129002DFE29 /* PBXTargetDependency */ = {
			isa = PBXTargetDependency;
			target = BA6287EF27B86125002DFE29 /* testableSingletons */;
			targetProxy = BA62880A27B86129002DFE29 /* PBXContainerItemProxy */;
		};
		BA62881627B86129002DFE29 /* PBXTargetDependency */ = {
			isa = PBXTargetDependency;
			target = BA6287EF27B86125002DFE29 /* testableSingletons */;
			targetProxy = BA62881527B86129002DFE29 /* PBXContainerItemProxy */;
		};
/* End PBXTargetDependency section */

/* Begin PBXVariantGroup section */
		BA6287F927B86125002DFE29 /* Main.storyboard */ = {
			isa = PBXVariantGroup;
			children = (
				BA6287FA27B86125002DFE29 /* Base */,
			);
			name = Main.storyboard;
			sourceTree = "<group>";
		};
		BA62880127B86128002DFE29 /* LaunchScreen.storyboard */ = {
			isa = PBXVariantGroup;
			children = (
				BA62880227B86128002DFE29 /* Base */,
			);
			name = LaunchScreen.storyboard;
			sourceTree = "<group>";
		};
/* End PBXVariantGroup section */

/* Begin XCBuildConfiguration section */
		BA62881B27B86129002DFE29 /* Debug */ = {
			isa = XCBuildConfiguration;
			buildSettings = {
				ALWAYS_SEARCH_USER_PATHS = NO;
				CLANG_ANALYZER_NONNULL = YES;
				CLANG_ANALYZER_NUMBER_OBJECT_CONVERSION = YES_AGGRESSIVE;
				CLANG_CXX_LANGUAGE_STANDARD = "gnu++14";
				CLANG_CXX_LIBRARY = "libc++";
				CLANG_ENABLE_MODULES = YES;
				CLANG_ENABLE_OBJC_ARC = YES;
				CLANG_ENABLE_OBJC_WEAK = YES;
				CLANG_WARN_BLOCK_CAPTURE_AUTORELEASING = YES;
				CLANG_WARN_BOOL_CONVERSION = YES;
				CLANG_WARN_COMMA = YES;
				CLANG_WARN_CONSTANT_CONVERSION = YES;
				CLANG_WARN_DEPRECATED_OBJC_IMPLEMENTATIONS = YES;
				CLANG_WARN_DIRECT_OBJC_ISA_USAGE = YES_ERROR;
				CLANG_WARN_DOCUMENTATION_COMMENTS = YES;
				CLANG_WARN_EMPTY_BODY = YES;
				CLANG_WARN_ENUM_CONVERSION = YES;
				CLANG_WARN_INFINITE_RECURSION = YES;
				CLANG_WARN_INT_CONVERSION = YES;
				CLANG_WARN_NON_LITERAL_NULL_CONVERSION = YES;
				CLANG_WARN_OBJC_IMPLICIT_RETAIN_SELF = YES;
				CLANG_WARN_OBJC_LITERAL_CONVERSION = YES;
				CLANG_WARN_OBJC_ROOT_CLASS = YES_ERROR;
				CLANG_WARN_QUOTED_INCLUDE_IN_FRAMEWORK_HEADER = YES;
				CLANG_WARN_RANGE_LOOP_ANALYSIS = YES;
				CLANG_WARN_STRICT_PROTOTYPES = YES;
				CLANG_WARN_SUSPICIOUS_MOVE = YES;
				CLANG_WARN_UNGUARDED_AVAILABILITY = YES_AGGRESSIVE;
				CLANG_WARN_UNREACHABLE_CODE = YES;
				CLANG_WARN__DUPLICATE_METHOD_MATCH = YES;
				COPY_PHASE_STRIP = NO;
				DEBUG_INFORMATION_FORMAT = dwarf;
				ENABLE_STRICT_OBJC_MSGSEND = YES;
				ENABLE_TESTABILITY = YES;
				GCC_C_LANGUAGE_STANDARD = gnu11;
				GCC_DYNAMIC_NO_PIC = NO;
				GCC_NO_COMMON_BLOCKS = YES;
				GCC_OPTIMIZATION_LEVEL = 0;
				GCC_PREPROCESSOR_DEFINITIONS = (
					"DEBUG=1",
					"$(inherited)",
				);
				GCC_WARN_64_TO_32_BIT_CONVERSION = YES;
				GCC_WARN_ABOUT_RETURN_TYPE = YES_ERROR;
				GCC_WARN_UNDECLARED_SELECTOR = YES;
				GCC_WARN_UNINITIALIZED_AUTOS = YES_AGGRESSIVE;
				GCC_WARN_UNUSED_FUNCTION = YES;
				GCC_WARN_UNUSED_VARIABLE = YES;
				IPHONEOS_DEPLOYMENT_TARGET = 14.4;
				MTL_ENABLE_DEBUG_INFO = INCLUDE_SOURCE;
				MTL_FAST_MATH = YES;
				ONLY_ACTIVE_ARCH = YES;
				SDKROOT = iphoneos;
				SWIFT_ACTIVE_COMPILATION_CONDITIONS = DEBUG;
				SWIFT_OPTIMIZATION_LEVEL = "-Onone";
			};
			name = Debug;
		};
		BA62881C27B86129002DFE29 /* Release */ = {
			isa = XCBuildConfiguration;
			buildSettings = {
				ALWAYS_SEARCH_USER_PATHS = NO;
				CLANG_ANALYZER_NONNULL = YES;
				CLANG_ANALYZER_NUMBER_OBJECT_CONVERSION = YES_AGGRESSIVE;
				CLANG_CXX_LANGUAGE_STANDARD = "gnu++14";
				CLANG_CXX_LIBRARY = "libc++";
				CLANG_ENABLE_MODULES = YES;
				CLANG_ENABLE_OBJC_ARC = YES;
				CLANG_ENABLE_OBJC_WEAK = YES;
				CLANG_WARN_BLOCK_CAPTURE_AUTORELEASING = YES;
				CLANG_WARN_BOOL_CONVERSION = YES;
				CLANG_WARN_COMMA = YES;
				CLANG_WARN_CONSTANT_CONVERSION = YES;
				CLANG_WARN_DEPRECATED_OBJC_IMPLEMENTATIONS = YES;
				CLANG_WARN_DIRECT_OBJC_ISA_USAGE = YES_ERROR;
				CLANG_WARN_DOCUMENTATION_COMMENTS = YES;
				CLANG_WARN_EMPTY_BODY = YES;
				CLANG_WARN_ENUM_CONVERSION = YES;
				CLANG_WARN_INFINITE_RECURSION = YES;
				CLANG_WARN_INT_CONVERSION = YES;
				CLANG_WARN_NON_LITERAL_NULL_CONVERSION = YES;
				CLANG_WARN_OBJC_IMPLICIT_RETAIN_SELF = YES;
				CLANG_WARN_OBJC_LITERAL_CONVERSION = YES;
				CLANG_WARN_OBJC_ROOT_CLASS = YES_ERROR;
				CLANG_WARN_QUOTED_INCLUDE_IN_FRAMEWORK_HEADER = YES;
				CLANG_WARN_RANGE_LOOP_ANALYSIS = YES;
				CLANG_WARN_STRICT_PROTOTYPES = YES;
				CLANG_WARN_SUSPICIOUS_MOVE = YES;
				CLANG_WARN_UNGUARDED_AVAILABILITY = YES_AGGRESSIVE;
				CLANG_WARN_UNREACHABLE_CODE = YES;
				CLANG_WARN__DUPLICATE_METHOD_MATCH = YES;
				COPY_PHASE_STRIP = NO;
				DEBUG_INFORMATION_FORMAT = "dwarf-with-dsym";
				ENABLE_NS_ASSERTIONS = NO;
				ENABLE_STRICT_OBJC_MSGSEND = YES;
				GCC_C_LANGUAGE_STANDARD = gnu11;
				GCC_NO_COMMON_BLOCKS = YES;
				GCC_WARN_64_TO_32_BIT_CONVERSION = YES;
				GCC_WARN_ABOUT_RETURN_TYPE = YES_ERROR;
				GCC_WARN_UNDECLARED_SELECTOR = YES;
				GCC_WARN_UNINITIALIZED_AUTOS = YES_AGGRESSIVE;
				GCC_WARN_UNUSED_FUNCTION = YES;
				GCC_WARN_UNUSED_VARIABLE = YES;
				IPHONEOS_DEPLOYMENT_TARGET = 14.4;
				MTL_ENABLE_DEBUG_INFO = NO;
				MTL_FAST_MATH = YES;
				SDKROOT = iphoneos;
				SWIFT_COMPILATION_MODE = wholemodule;
				SWIFT_OPTIMIZATION_LEVEL = "-O";
				VALIDATE_PRODUCT = YES;
			};
			name = Release;
		};
		BA62881E27B86129002DFE29 /* Debug */ = {
			isa = XCBuildConfiguration;
			buildSettings = {
				ASSETCATALOG_COMPILER_APPICON_NAME = AppIcon;
				ASSETCATALOG_COMPILER_GLOBAL_ACCENT_COLOR_NAME = AccentColor;
				CODE_SIGN_STYLE = Automatic;
				DEVELOPMENT_TEAM = R4Z59DWG28;
				INFOPLIST_FILE = testableSingletons/Info.plist;
				LD_RUNPATH_SEARCH_PATHS = (
					"$(inherited)",
					"@executable_path/Frameworks",
				);
				PRODUCT_BUNDLE_IDENTIFIER = aspadafora.testableSingletons;
				PRODUCT_NAME = "$(TARGET_NAME)";
				SWIFT_VERSION = 5.0;
				TARGETED_DEVICE_FAMILY = "1,2";
			};
			name = Debug;
		};
		BA62881F27B86129002DFE29 /* Release */ = {
			isa = XCBuildConfiguration;
			buildSettings = {
				ASSETCATALOG_COMPILER_APPICON_NAME = AppIcon;
				ASSETCATALOG_COMPILER_GLOBAL_ACCENT_COLOR_NAME = AccentColor;
				CODE_SIGN_STYLE = Automatic;
				DEVELOPMENT_TEAM = R4Z59DWG28;
				INFOPLIST_FILE = testableSingletons/Info.plist;
				LD_RUNPATH_SEARCH_PATHS = (
					"$(inherited)",
					"@executable_path/Frameworks",
				);
				PRODUCT_BUNDLE_IDENTIFIER = aspadafora.testableSingletons;
				PRODUCT_NAME = "$(TARGET_NAME)";
				SWIFT_VERSION = 5.0;
				TARGETED_DEVICE_FAMILY = "1,2";
			};
			name = Release;
		};
		BA62882127B86129002DFE29 /* Debug */ = {
			isa = XCBuildConfiguration;
			buildSettings = {
				ALWAYS_EMBED_SWIFT_STANDARD_LIBRARIES = YES;
				BUNDLE_LOADER = "$(TEST_HOST)";
				CODE_SIGN_STYLE = Automatic;
				DEVELOPMENT_TEAM = R4Z59DWG28;
				INFOPLIST_FILE = testableSingletonsTests/Info.plist;
				IPHONEOS_DEPLOYMENT_TARGET = 14.4;
				LD_RUNPATH_SEARCH_PATHS = (
					"$(inherited)",
					"@executable_path/Frameworks",
					"@loader_path/Frameworks",
				);
				PRODUCT_BUNDLE_IDENTIFIER = aspadafora.testableSingletonsTests;
				PRODUCT_NAME = "$(TARGET_NAME)";
				SWIFT_VERSION = 5.0;
				TARGETED_DEVICE_FAMILY = "1,2";
				TEST_HOST = "$(BUILT_PRODUCTS_DIR)/testableSingletons.app/testableSingletons";
			};
			name = Debug;
		};
		BA62882227B86129002DFE29 /* Release */ = {
			isa = XCBuildConfiguration;
			buildSettings = {
				ALWAYS_EMBED_SWIFT_STANDARD_LIBRARIES = YES;
				BUNDLE_LOADER = "$(TEST_HOST)";
				CODE_SIGN_STYLE = Automatic;
				DEVELOPMENT_TEAM = R4Z59DWG28;
				INFOPLIST_FILE = testableSingletonsTests/Info.plist;
				IPHONEOS_DEPLOYMENT_TARGET = 14.4;
				LD_RUNPATH_SEARCH_PATHS = (
					"$(inherited)",
					"@executable_path/Frameworks",
					"@loader_path/Frameworks",
				);
				PRODUCT_BUNDLE_IDENTIFIER = aspadafora.testableSingletonsTests;
				PRODUCT_NAME = "$(TARGET_NAME)";
				SWIFT_VERSION = 5.0;
				TARGETED_DEVICE_FAMILY = "1,2";
				TEST_HOST = "$(BUILT_PRODUCTS_DIR)/testableSingletons.app/testableSingletons";
			};
			name = Release;
		};
		BA62882427B86129002DFE29 /* Debug */ = {
			isa = XCBuildConfiguration;
			buildSettings = {
				ALWAYS_EMBED_SWIFT_STANDARD_LIBRARIES = YES;
				CODE_SIGN_STYLE = Automatic;
				DEVELOPMENT_TEAM = R4Z59DWG28;
				INFOPLIST_FILE = testableSingletonsUITests/Info.plist;
				LD_RUNPATH_SEARCH_PATHS = (
					"$(inherited)",
					"@executable_path/Frameworks",
					"@loader_path/Frameworks",
				);
				PRODUCT_BUNDLE_IDENTIFIER = aspadafora.testableSingletonsUITests;
				PRODUCT_NAME = "$(TARGET_NAME)";
				SWIFT_VERSION = 5.0;
				TARGETED_DEVICE_FAMILY = "1,2";
				TEST_TARGET_NAME = testableSingletons;
			};
			name = Debug;
		};
		BA62882527B86129002DFE29 /* Release */ = {
			isa = XCBuildConfiguration;
			buildSettings = {
				ALWAYS_EMBED_SWIFT_STANDARD_LIBRARIES = YES;
				CODE_SIGN_STYLE = Automatic;
				DEVELOPMENT_TEAM = R4Z59DWG28;
				INFOPLIST_FILE = testableSingletonsUITests/Info.plist;
				LD_RUNPATH_SEARCH_PATHS = (
					"$(inherited)",
					"@executable_path/Frameworks",
					"@loader_path/Frameworks",
				);
				PRODUCT_BUNDLE_IDENTIFIER = aspadafora.testableSingletonsUITests;
				PRODUCT_NAME = "$(TARGET_NAME)";
				SWIFT_VERSION = 5.0;
				TARGETED_DEVICE_FAMILY = "1,2";
				TEST_TARGET_NAME = testableSingletons;
			};
			name = Release;
		};
/* End XCBuildConfiguration section */

/* Begin XCConfigurationList section */
		BA6287EB27B86125002DFE29 /* Build configuration list for PBXProject "testableSingletons" */ = {
			isa = XCConfigurationList;
			buildConfigurations = (
				BA62881B27B86129002DFE29 /* Debug */,
				BA62881C27B86129002DFE29 /* Release */,
			);
			defaultConfigurationIsVisible = 0;
			defaultConfigurationName = Release;
		};
		BA62881D27B86129002DFE29 /* Build configuration list for PBXNativeTarget "testableSingletons" */ = {
			isa = XCConfigurationList;
			buildConfigurations = (
				BA62881E27B86129002DFE29 /* Debug */,
				BA62881F27B86129002DFE29 /* Release */,
			);
			defaultConfigurationIsVisible = 0;
			defaultConfigurationName = Release;
		};
		BA62882027B86129002DFE29 /* Build configuration list for PBXNativeTarget "testableSingletonsTests" */ = {
			isa = XCConfigurationList;
			buildConfigurations = (
				BA62882127B86129002DFE29 /* Debug */,
				BA62882227B86129002DFE29 /* Release */,
			);
			defaultConfigurationIsVisible = 0;
			defaultConfigurationName = Release;
		};
		BA62882327B86129002DFE29 /* Build configuration list for PBXNativeTarget "testableSingletonsUITests" */ = {
			isa = XCConfigurationList;
			buildConfigurations = (
				BA62882427B86129002DFE29 /* Debug */,
				BA62882527B86129002DFE29 /* Release */,
			);
			defaultConfigurationIsVisible = 0;
			defaultConfigurationName = Release;
		};
/* End XCConfigurationList section */

/* Begin XCVersionGroup section */
		BA6287FC27B86125002DFE29 /* testableSingletons.xcdatamodeld */ = {
			isa = XCVersionGroup;
			children = (
				BA6287FD27B86125002DFE29 /* testableSingletons.xcdatamodel */,
			);
			currentVersion = BA6287FD27B86125002DFE29 /* testableSingletons.xcdatamodel */;
			path = testableSingletons.xcdatamodeld;
			sourceTree = "<group>";
			versionGroupType = wrapper.xcdatamodel;
		};
/* End XCVersionGroup section */
	};
	rootObject = BA6287E827B86125002DFE29 /* Project object */;
}
